
Microsoft Visual Studio Solution File, Format Version 12.00
# Visual Studio Version 17
VisualStudioVersion = 17.13.35931.197 d17.13
MinimumVisualStudioVersion = 10.0.40219.1
Project("{FAE04EC0-301F-11D3-BF4B-00C04F79EFBC}") = "mf-dev-backend-2025", "mf-dev-backend-2025\mf-dev-backend-2025.csproj", "{5831979F-D8CA-45DC-8E1E-48881AC4BA72}"
EndProject
Global
	GlobalSection(SolutionConfigurationPlatforms) = preSolution
		Debug|Any CPU = Debug|Any CPU
		Release|Any CPU = Release|Any CPU
	EndGlobalSection
	GlobalSection(ProjectConfigurationPlatforms) = postSolution
		{5831979F-D8CA-45DC-8E1E-48881AC4BA72}.Debug|Any CPU.ActiveCfg = Debug|Any CPU
		{5831979F-D8CA-45DC-8E1E-48881AC4BA72}.Debug|Any CPU.Build.0 = Debug|Any CPU
		{5831979F-D8CA-45DC-8E1E-48881AC4BA72}.Release|Any CPU.ActiveCfg = Release|Any CPU
		{5831979F-D8CA-45DC-8E1E-48881AC4BA72}.Release|Any CPU.Build.0 = Release|Any CPU
	EndGlobalSection
	GlobalSection(SolutionProperties) = preSolution
		HideSolutionNode = FALSE
	EndGlobalSection
	GlobalSection(ExtensibilityGlobals) = postSolution
		SolutionGuid = {8E83B99A-9874-49A5-BED1-B86016BB817C}
	EndGlobalSection
EndGlobal
